
Microsoft Visual Studio Solution File, Format Version 12.00
# Visual Studio 2013
VisualStudioVersion = 12.0.21005.1
MinimumVisualStudioVersion = 10.0.40219.1
Project("{FAE04EC0-301F-11D3-BF4B-00C04F79EFBC}") = "BookStore.Domain", "BookStore.Domain\BookStore.Domain.csproj", "{B4200842-58B9-4944-91A2-DA53611E9AAB}"
EndProject
Project("{FAE04EC0-301F-11D3-BF4B-00C04F79EFBC}") = "BookStore.WebUI", "BookStore.WebUI\BookStore.WebUI.csproj", "{529062CA-0B47-42D0-83CC-DFF33B8DAB86}"
EndProject
Global
	GlobalSection(SolutionConfigurationPlatforms) = preSolution
		Debug|Any CPU = Debug|Any CPU
		Release|Any CPU = Release|Any CPU
	EndGlobalSection
	GlobalSection(ProjectConfigurationPlatforms) = postSolution
		{B4200842-58B9-4944-91A2-DA53611E9AAB}.Debug|Any CPU.ActiveCfg = Debug|Any CPU
		{B4200842-58B9-4944-91A2-DA53611E9AAB}.Debug|Any CPU.Build.0 = Debug|Any CPU
		{B4200842-58B9-4944-91A2-DA53611E9AAB}.Release|Any CPU.ActiveCfg = Release|Any CPU
		{B4200842-58B9-4944-91A2-DA53611E9AAB}.Release|Any CPU.Build.0 = Release|Any CPU
		{529062CA-0B47-42D0-83CC-DFF33B8DAB86}.Debug|Any CPU.ActiveCfg = Debug|Any CPU
		{529062CA-0B47-42D0-83CC-DFF33B8DAB86}.Debug|Any CPU.Build.0 = Debug|Any CPU
		{529062CA-0B47-42D0-83CC-DFF33B8DAB86}.Release|Any CPU.ActiveCfg = Release|Any CPU
		{529062CA-0B47-42D0-83CC-DFF33B8DAB86}.Release|Any CPU.Build.0 = Release|Any CPU
	EndGlobalSection
	GlobalSection(SolutionProperties) = preSolution
		HideSolutionNode = FALSE
	EndGlobalSection
EndGlobal
